{
  "version": 4,
  "terraform_version": "1.6.5",
  "serial": 3,
  "lineage": "f0c22777-1a1a-e588-142d-6270b720fa72",
  "outputs": {},
  "resources": [
    {
      "mode": "managed",
      "type": "aws_instance",
      "name": "dev-inst",
      "provider": "provider[\"registry.terraform.io/hashicorp/aws\"]",
      "instances": [
        {
          "schema_version": 1,
          "attributes": {
            "ami": "ami-0230bd60aa48260c6",
            "arn": "arn:aws:ec2:us-east-1:789502026025:instance/i-076e305ec90923e16",
            "associate_public_ip_address": true,
            "availability_zone": "us-east-1a",
            "capacity_reservation_specification": [
              {
                "capacity_reservation_preference": "open",
                "capacity_reservation_target": []
              }
            ],
            "cpu_core_count": 1,
            "cpu_options": [
              {
                "amd_sev_snp": "",
                "core_count": 1,
                "threads_per_core": 1
              }
            ],
            "cpu_threads_per_core": 1,
            "credit_specification": [
              {
                "cpu_credits": "standard"
              }
            ],
            "disable_api_stop": false,
            "disable_api_termination": false,
            "ebs_block_device": [],
            "ebs_optimized": false,
            "enclave_options": [
              {
                "enabled": false
              }
            ],
            "ephemeral_block_device": [],
            "get_password_data": false,
            "hibernation": false,
            "host_id": "",
            "host_resource_group_arn": null,
            "iam_instance_profile": "",
            "id": "i-076e305ec90923e16",
            "instance_initiated_shutdown_behavior": "stop",
            "instance_lifecycle": "",
            "instance_market_options": [],
            "instance_state": "running",
            "instance_type": "t2.micro",
            "ipv6_address_count": 0,
            "ipv6_addresses": [],
            "key_name": "devkey",
            "launch_template": [],
            "maintenance_options": [
              {
                "auto_recovery": "default"
              }
            ],
            "metadata_options": [
              {
                "http_endpoint": "enabled",
                "http_protocol_ipv6": "disabled",
                "http_put_response_hop_limit": 2,
                "http_tokens": "required",
                "instance_metadata_tags": "disabled"
              }
            ],
            "monitoring": false,
            "network_interface": [],
            "outpost_arn": "",
            "password_data": "",
            "placement_group": "",
            "placement_partition_number": 0,
            "primary_network_interface_id": "eni-0717e9bb1d8518744",
            "private_dns": "ip-172-31-87-151.ec2.internal",
            "private_dns_name_options": [
              {
                "enable_resource_name_dns_a_record": false,
                "enable_resource_name_dns_aaaa_record": false,
                "hostname_type": "ip-name"
              }
            ],
            "private_ip": "172.31.87.151",
            "public_dns": "ec2-54-86-64-203.compute-1.amazonaws.com",
            "public_ip": "54.86.64.203",
            "root_block_device": [
              {
                "delete_on_termination": true,
                "device_name": "/dev/xvda",
                "encrypted": false,
                "iops": 3000,
                "kms_key_id": "",
                "tags": {},
                "throughput": 125,
                "volume_id": "vol-06047d9c5f8840f96",
                "volume_size": 8,
                "volume_type": "gp3"
              }
            ],
            "secondary_private_ips": [],
            "security_groups": [
              "Terraform-test-SG"
            ],
            "source_dest_check": true,
            "spot_instance_request_id": "",
            "subnet_id": "subnet-072df233e76cd1a84",
            "tags": {
              "Name": "DevOpsHub",
              "Project": "DevOps"
            },
            "tags_all": {
              "Name": "DevOpsHub",
              "Project": "DevOps"
            },
            "tenancy": "default",
            "timeouts": null,
            "user_data": null,
            "user_data_base64": null,
            "user_data_replace_on_change": false,
            "volume_tags": null,
            "vpc_security_group_ids": [
              "sg-012781f04be49cf6a"
            ]
          },
          "sensitive_attributes": [],
          "private": "eyJlMmJmYjczMC1lY2FhLTExZTYtOGY4OC0zNDM2M2JjN2M0YzAiOnsiY3JlYXRlIjo2MDAwMDAwMDAwMDAsImRlbGV0ZSI6MTIwMDAwMDAwMDAwMCwidXBkYXRlIjo2MDAwMDAwMDAwMDB9LCJzY2hlbWFfdmVyc2lvbiI6IjEifQ==",
          "dependencies": [
            "aws_key_pair.dev-key"
          ]
        }
      ]
    },
    {
      "mode": "managed",
      "type": "aws_key_pair",
      "name": "dev-key",
      "provider": "provider[\"registry.terraform.io/hashicorp/aws\"]",
      "instances": [
        {
          "schema_version": 1,
          "attributes": {
            "arn": "arn:aws:ec2:us-east-1:789502026025:key-pair/devkey",
            "fingerprint": "99:b4:a0:ec:ab:14:4b:4f:9a:d5:8b:9b:ca:7f:9f:73",
            "id": "devkey",
            "key_name": "devkey",
            "key_name_prefix": "",
            "key_pair_id": "key-0c34287e1e6a5c9f0",
            "key_type": "rsa",
            "public_key": "ssh-rsa AAAAB3NzaC1yc2EAAAADAQABAAABgQChG90kN/LpvLcCmvL7y/ymB3KoJZ1eXo0dNwyB/Fe8SjAz+vbB1mLxJ2IvGRpdJ0eVPgHcTzSp88NTe0SNBNze960FiDcJ3zcDjgQxFsaAhb6puurrnpS96PPUUijmT9vLwRzorxiTNDbG+8qbUWJJUJ1d70K7IRQt1BQGI6Iv1L5x9PTmTOIFXTRj2DNjIkpg1+tLpRQVKWu7NFq4pQMv84i2zwNIz+gAYUu7nTR4SyAj7rNBxMBtrI1EChMDv3XWkS+2XzC/voNsw0fOG5VaCWVdxO7soprytsPW8IEbMchPy1uVsJkXZphiQqtrO3Vvod2fmwQqKc1ENWRcRcBG16C1rYQiH33q4UH9q1+NHRTGK/5gzcFX3xBzQnPh094+NcuYVjH/DyaCoqbf1llZsbEWIKXTsEd3Sar+gcBrJXiJps8xtY/hy95/ujGOpSgV7ULS5FVun7LlcPmyCpQOIDb4oQwQ6Zw0AOPKvT6icjR7dwD/pgCkckJcjx8wv00= Saurav@Saurav",
            "tags": null,
            "tags_all": {}
          },
          "sensitive_attributes": [],
          "private": "eyJzY2hlbWFfdmVyc2lvbiI6IjEifQ=="
        }
      ]
    }
  ],
  "check_results": null
}
